
Microsoft Visual Studio Solution File, Format Version 12.00
# Visual Studio Version 16
VisualStudioVersion = 16.0.29324.140
MinimumVisualStudioVersion = 10.0.40219.1
Project("{FAE04EC0-301F-11D3-BF4B-00C04F79EFBC}") = "OldBooks", "OldBooks\OldBooks.csproj", "{442E90D1-B498-4231-BEA1-2330E55B2938}"
EndProject
Project("{FAE04EC0-301F-11D3-BF4B-00C04F79EFBC}") = "ExamPreparation", "ExamPreparation\ExamPreparation.csproj", "{FABE9A76-15B4-490A-91D8-CA5CDE478958}"
EndProject
Project("{FAE04EC0-301F-11D3-BF4B-00C04F79EFBC}") = "Vacation", "Vacation\Vacation.csproj", "{5C8D4861-581A-40A6-847A-242C642D4197}"
EndProject
Project("{FAE04EC0-301F-11D3-BF4B-00C04F79EFBC}") = "Walking", "Walking\Walking.csproj", "{9E88C498-F150-46C4-8C43-4BA583296235}"
EndProject
Project("{FAE04EC0-301F-11D3-BF4B-00C04F79EFBC}") = "Coins", "Coins\Coins.csproj", "{A78F9EF4-AD37-4978-9006-0E111B74FD4C}"
EndProject
Project("{FAE04EC0-301F-11D3-BF4B-00C04F79EFBC}") = "Cake", "Cake\Cake.csproj", "{5E9D86AC-DD58-41C5-90DC-270F32F4B841}"
EndProject
Global
	GlobalSection(SolutionConfigurationPlatforms) = preSolution
		Debug|Any CPU = Debug|Any CPU
		Release|Any CPU = Release|Any CPU
	EndGlobalSection
	GlobalSection(ProjectConfigurationPlatforms) = postSolution
		{442E90D1-B498-4231-BEA1-2330E55B2938}.Debug|Any CPU.ActiveCfg = Debug|Any CPU
		{442E90D1-B498-4231-BEA1-2330E55B2938}.Debug|Any CPU.Build.0 = Debug|Any CPU
		{442E90D1-B498-4231-BEA1-2330E55B2938}.Release|Any CPU.ActiveCfg = Release|Any CPU
		{442E90D1-B498-4231-BEA1-2330E55B2938}.Release|Any CPU.Build.0 = Release|Any CPU
		{FABE9A76-15B4-490A-91D8-CA5CDE478958}.Debug|Any CPU.ActiveCfg = Debug|Any CPU
		{FABE9A76-15B4-490A-91D8-CA5CDE478958}.Debug|Any CPU.Build.0 = Debug|Any CPU
		{FABE9A76-15B4-490A-91D8-CA5CDE478958}.Release|Any CPU.ActiveCfg = Release|Any CPU
		{FABE9A76-15B4-490A-91D8-CA5CDE478958}.Release|Any CPU.Build.0 = Release|Any CPU
		{5C8D4861-581A-40A6-847A-242C642D4197}.Debug|Any CPU.ActiveCfg = Debug|Any CPU
		{5C8D4861-581A-40A6-847A-242C642D4197}.Debug|Any CPU.Build.0 = Debug|Any CPU
		{5C8D4861-581A-40A6-847A-242C642D4197}.Release|Any CPU.ActiveCfg = Release|Any CPU
		{5C8D4861-581A-40A6-847A-242C642D4197}.Release|Any CPU.Build.0 = Release|Any CPU
		{9E88C498-F150-46C4-8C43-4BA583296235}.Debug|Any CPU.ActiveCfg = Debug|Any CPU
		{9E88C498-F150-46C4-8C43-4BA583296235}.Debug|Any CPU.Build.0 = Debug|Any CPU
		{9E88C498-F150-46C4-8C43-4BA583296235}.Release|Any CPU.ActiveCfg = Release|Any CPU
		{9E88C498-F150-46C4-8C43-4BA583296235}.Release|Any CPU.Build.0 = Release|Any CPU
		{A78F9EF4-AD37-4978-9006-0E111B74FD4C}.Debug|Any CPU.ActiveCfg = Debug|Any CPU
		{A78F9EF4-AD37-4978-9006-0E111B74FD4C}.Debug|Any CPU.Build.0 = Debug|Any CPU
		{A78F9EF4-AD37-4978-9006-0E111B74FD4C}.Release|Any CPU.ActiveCfg = Release|Any CPU
		{A78F9EF4-AD37-4978-9006-0E111B74FD4C}.Release|Any CPU.Build.0 = Release|Any CPU
		{5E9D86AC-DD58-41C5-90DC-270F32F4B841}.Debug|Any CPU.ActiveCfg = Debug|Any CPU
		{5E9D86AC-DD58-41C5-90DC-270F32F4B841}.Debug|Any CPU.Build.0 = Debug|Any CPU
		{5E9D86AC-DD58-41C5-90DC-270F32F4B841}.Release|Any CPU.ActiveCfg = Release|Any CPU
		{5E9D86AC-DD58-41C5-90DC-270F32F4B841}.Release|Any CPU.Build.0 = Release|Any CPU
	EndGlobalSection
	GlobalSection(SolutionProperties) = preSolution
		HideSolutionNode = FALSE
	EndGlobalSection
	GlobalSection(ExtensibilityGlobals) = postSolution
		SolutionGuid = {2F594078-31D6-4BB8-9764-8793AA1120D4}
	EndGlobalSection
EndGlobal
