
Microsoft Visual Studio Solution File, Format Version 12.00
# Visual Studio Version 16
VisualStudioVersion = 16.0.29324.140
MinimumVisualStudioVersion = 10.0.40219.1
Project("{FAE04EC0-301F-11D3-BF4B-00C04F79EFBC}") = "PointOnRectangleBorder", "PointOnRectangleBorder\PointOnRectangleBorder.csproj", "{838F6D72-09F4-44D0-9B76-B6C42FF59D9E}"
EndProject
Project("{FAE04EC0-301F-11D3-BF4B-00C04F79EFBC}") = "Cinema", "Cinema\Cinema.csproj", "{4761B4D1-70A6-435D-85D0-19CECD95A3D5}"
EndProject
Project("{FAE04EC0-301F-11D3-BF4B-00C04F79EFBC}") = "SummerOutfit", "SummerOutfit\SummerOutfit.csproj", "{85BA013F-844E-42CA-8AA2-7FD6C1AA988E}"
EndProject
Project("{FAE04EC0-301F-11D3-BF4B-00C04F79EFBC}") = "NewHouse", "NewHouse\NewHouse.csproj", "{30AE04C0-A532-441C-BC40-3F475E297BC1}"
EndProject
Project("{FAE04EC0-301F-11D3-BF4B-00C04F79EFBC}") = "FishingBoat", "FishingBoat\FishingBoat.csproj", "{27C47AC3-9AB1-42FF-9770-FADF5703E6D9}"
EndProject
Project("{FAE04EC0-301F-11D3-BF4B-00C04F79EFBC}") = "Journey", "Journey\Journey.csproj", "{0E992C68-D2B3-4801-ADCF-649C90272193}"
EndProject
Project("{FAE04EC0-301F-11D3-BF4B-00C04F79EFBC}") = "OperationsBetweenNumbers", "OperationsBetweenNumbers\OperationsBetweenNumbers.csproj", "{33D3DE8B-356B-46C6-918A-AF816CDBCFA8}"
EndProject
Project("{FAE04EC0-301F-11D3-BF4B-00C04F79EFBC}") = "HotelRoom", "HotelRoom\HotelRoom.csproj", "{405EC1A3-DF27-49B4-956C-BE45E63259BE}"
EndProject
Project("{FAE04EC0-301F-11D3-BF4B-00C04F79EFBC}") = "OnTimeForTheExam", "OnTimeForTheExam\OnTimeForTheExam.csproj", "{677D6DDB-8745-48EE-A14B-CFC280EFE48F}"
EndProject
Project("{FAE04EC0-301F-11D3-BF4B-00C04F79EFBC}") = "Volleyball", "Volleyball\Volleyball.csproj", "{01542C03-5B2F-4BA0-839D-96E577FE269B}"
EndProject
Global
	GlobalSection(SolutionConfigurationPlatforms) = preSolution
		Debug|Any CPU = Debug|Any CPU
		Release|Any CPU = Release|Any CPU
	EndGlobalSection
	GlobalSection(ProjectConfigurationPlatforms) = postSolution
		{838F6D72-09F4-44D0-9B76-B6C42FF59D9E}.Debug|Any CPU.ActiveCfg = Debug|Any CPU
		{838F6D72-09F4-44D0-9B76-B6C42FF59D9E}.Debug|Any CPU.Build.0 = Debug|Any CPU
		{838F6D72-09F4-44D0-9B76-B6C42FF59D9E}.Release|Any CPU.ActiveCfg = Release|Any CPU
		{838F6D72-09F4-44D0-9B76-B6C42FF59D9E}.Release|Any CPU.Build.0 = Release|Any CPU
		{4761B4D1-70A6-435D-85D0-19CECD95A3D5}.Debug|Any CPU.ActiveCfg = Debug|Any CPU
		{4761B4D1-70A6-435D-85D0-19CECD95A3D5}.Debug|Any CPU.Build.0 = Debug|Any CPU
		{4761B4D1-70A6-435D-85D0-19CECD95A3D5}.Release|Any CPU.ActiveCfg = Release|Any CPU
		{4761B4D1-70A6-435D-85D0-19CECD95A3D5}.Release|Any CPU.Build.0 = Release|Any CPU
		{85BA013F-844E-42CA-8AA2-7FD6C1AA988E}.Debug|Any CPU.ActiveCfg = Debug|Any CPU
		{85BA013F-844E-42CA-8AA2-7FD6C1AA988E}.Debug|Any CPU.Build.0 = Debug|Any CPU
		{85BA013F-844E-42CA-8AA2-7FD6C1AA988E}.Release|Any CPU.ActiveCfg = Release|Any CPU
		{85BA013F-844E-42CA-8AA2-7FD6C1AA988E}.Release|Any CPU.Build.0 = Release|Any CPU
		{30AE04C0-A532-441C-BC40-3F475E297BC1}.Debug|Any CPU.ActiveCfg = Debug|Any CPU
		{30AE04C0-A532-441C-BC40-3F475E297BC1}.Debug|Any CPU.Build.0 = Debug|Any CPU
		{30AE04C0-A532-441C-BC40-3F475E297BC1}.Release|Any CPU.ActiveCfg = Release|Any CPU
		{30AE04C0-A532-441C-BC40-3F475E297BC1}.Release|Any CPU.Build.0 = Release|Any CPU
		{27C47AC3-9AB1-42FF-9770-FADF5703E6D9}.Debug|Any CPU.ActiveCfg = Debug|Any CPU
		{27C47AC3-9AB1-42FF-9770-FADF5703E6D9}.Debug|Any CPU.Build.0 = Debug|Any CPU
		{27C47AC3-9AB1-42FF-9770-FADF5703E6D9}.Release|Any CPU.ActiveCfg = Release|Any CPU
		{27C47AC3-9AB1-42FF-9770-FADF5703E6D9}.Release|Any CPU.Build.0 = Release|Any CPU
		{0E992C68-D2B3-4801-ADCF-649C90272193}.Debug|Any CPU.ActiveCfg = Debug|Any CPU
		{0E992C68-D2B3-4801-ADCF-649C90272193}.Debug|Any CPU.Build.0 = Debug|Any CPU
		{0E992C68-D2B3-4801-ADCF-649C90272193}.Release|Any CPU.ActiveCfg = Release|Any CPU
		{0E992C68-D2B3-4801-ADCF-649C90272193}.Release|Any CPU.Build.0 = Release|Any CPU
		{33D3DE8B-356B-46C6-918A-AF816CDBCFA8}.Debug|Any CPU.ActiveCfg = Debug|Any CPU
		{33D3DE8B-356B-46C6-918A-AF816CDBCFA8}.Debug|Any CPU.Build.0 = Debug|Any CPU
		{33D3DE8B-356B-46C6-918A-AF816CDBCFA8}.Release|Any CPU.ActiveCfg = Release|Any CPU
		{33D3DE8B-356B-46C6-918A-AF816CDBCFA8}.Release|Any CPU.Build.0 = Release|Any CPU
		{405EC1A3-DF27-49B4-956C-BE45E63259BE}.Debug|Any CPU.ActiveCfg = Debug|Any CPU
		{405EC1A3-DF27-49B4-956C-BE45E63259BE}.Debug|Any CPU.Build.0 = Debug|Any CPU
		{405EC1A3-DF27-49B4-956C-BE45E63259BE}.Release|Any CPU.ActiveCfg = Release|Any CPU
		{405EC1A3-DF27-49B4-956C-BE45E63259BE}.Release|Any CPU.Build.0 = Release|Any CPU
		{677D6DDB-8745-48EE-A14B-CFC280EFE48F}.Debug|Any CPU.ActiveCfg = Debug|Any CPU
		{677D6DDB-8745-48EE-A14B-CFC280EFE48F}.Debug|Any CPU.Build.0 = Debug|Any CPU
		{677D6DDB-8745-48EE-A14B-CFC280EFE48F}.Release|Any CPU.ActiveCfg = Release|Any CPU
		{677D6DDB-8745-48EE-A14B-CFC280EFE48F}.Release|Any CPU.Build.0 = Release|Any CPU
		{01542C03-5B2F-4BA0-839D-96E577FE269B}.Debug|Any CPU.ActiveCfg = Debug|Any CPU
		{01542C03-5B2F-4BA0-839D-96E577FE269B}.Debug|Any CPU.Build.0 = Debug|Any CPU
		{01542C03-5B2F-4BA0-839D-96E577FE269B}.Release|Any CPU.ActiveCfg = Release|Any CPU
		{01542C03-5B2F-4BA0-839D-96E577FE269B}.Release|Any CPU.Build.0 = Release|Any CPU
	EndGlobalSection
	GlobalSection(SolutionProperties) = preSolution
		HideSolutionNode = FALSE
	EndGlobalSection
	GlobalSection(ExtensibilityGlobals) = postSolution
		SolutionGuid = {BC89BECB-6ACA-4443-9A93-CA66CA716FA2}
	EndGlobalSection
EndGlobal
